{
    "packages": [
        {
            "name": "package-one",
            "version": "0.1",
            "extra": {
                "hyperf": {
                    "providers": [
                        "SwooleTW\\Hyperf\\Tests\\Foundation\\Bootstrap\\TestOneServiceProvider"
                    ],
                    "dont-discover": [
                        "package-three"
                    ]
                }
            },
            "scripts": {
                "foo": "script-one"
            }
        },
        {
            "name": "package-three",
            "version": "0.1",
            "extra": {
                "hyperf": {
                    "providers": [
                        "SwooleTW\\Hyperf\\Tests\\Foundation\\Bootstrap\\TestThreeServiceProvider"
                    ]
                }
            },
            "scripts": {
                "foo": "script-three"
            }
        }
    ],
    "packages-dev": []
}